# @generated by Move, please check-in and do not edit manually.

[move]
version = 3
manifest_digest = "8CE0D1AF0C514D0F80DBEB481FFFD5B3FF5EEAAB15DD5DE88E61C279D3D46422"
deps_digest = "F8BBB0CCB2491CA29A3DF03D6F92277A4F3574266507ACD77214D37ECA3F3082"
dependencies = [
  { id = "One", name = "One" },
]

[[move.package]]
id = "MoveStdlib"
source = { git = "https://github.com/one-chain-labs/onechain.git", rev = "v1.1.1", subdir = "crates/sui-framework/packages/move-stdlib" }

[[move.package]]
id = "One"
source = { git = "https://github.com/one-chain-labs/onechain.git", rev = "v1.1.1", subdir = "crates/sui-framework/packages/one-framework" }

dependencies = [
  { id = "MoveStdlib", name = "MoveStdlib" },
]

[move.toolchain-version]
compiler-version = "1.1.1"
edition = "2024.beta"
flavor = "one"

[env]

[env.onechain-testnet]
chain-id = "1bd5c965"
original-published-id = "0x102886d218a7e8b3ef0bed9d2bce637819d6d9e92fda05ce819cd6a322ab5a0b"
latest-published-id = "0x102886d218a7e8b3ef0bed9d2bce637819d6d9e92fda05ce819cd6a322ab5a0b"
published-version = "1"
